
Microsoft Visual Studio Solution File, Format Version 12.00
# Visual Studio 2017
Project("{FAE04EC0-301F-11D3-BF4B-00C04F79EFBC}") = "Onegai-Medusa.Plugins", "Onegai-Medusa.Plugins.csproj", "{BD16EF18-EA73-0BD3-1254-95E65D192B19}"
EndProject
Project("{FAE04EC0-301F-11D3-BF4B-00C04F79EFBC}") = "Onegai-Medusa", "Onegai-Medusa.csproj", "{968AF6E2-B0A2-AF49-7A71-5935A46055AA}"
EndProject
Project("{FAE04EC0-301F-11D3-BF4B-00C04F79EFBC}") = "Onegai-Medusa.Editor", "Onegai-Medusa.Editor.csproj", "{4B6FCC30-7C15-19E3-C45A-D7A2B9AB69B6}"
EndProject
Project("{FAE04EC0-301F-11D3-BF4B-00C04F79EFBC}") = "Onegai-Medusa.Editor.Plugins", "Onegai-Medusa.Editor.Plugins.csproj", "{A8D33D47-BA60-F3D0-2F8A-EE9987655D5C}"
EndProject
Global
	GlobalSection(SolutionConfigurationPlatforms) = preSolution
		Debug|Any CPU = Debug|Any CPU
		Release|Any CPU = Release|Any CPU
	EndGlobalSection
	GlobalSection(ProjectConfigurationPlatforms) = postSolution
		{BD16EF18-EA73-0BD3-1254-95E65D192B19}.Debug|Any CPU.ActiveCfg = Debug|Any CPU
		{BD16EF18-EA73-0BD3-1254-95E65D192B19}.Debug|Any CPU.Build.0 = Debug|Any CPU
		{BD16EF18-EA73-0BD3-1254-95E65D192B19}.Release|Any CPU.ActiveCfg = Release|Any CPU
		{BD16EF18-EA73-0BD3-1254-95E65D192B19}.Release|Any CPU.Build.0 = Release|Any CPU
		{968AF6E2-B0A2-AF49-7A71-5935A46055AA}.Debug|Any CPU.ActiveCfg = Debug|Any CPU
		{968AF6E2-B0A2-AF49-7A71-5935A46055AA}.Debug|Any CPU.Build.0 = Debug|Any CPU
		{968AF6E2-B0A2-AF49-7A71-5935A46055AA}.Release|Any CPU.ActiveCfg = Release|Any CPU
		{968AF6E2-B0A2-AF49-7A71-5935A46055AA}.Release|Any CPU.Build.0 = Release|Any CPU
		{4B6FCC30-7C15-19E3-C45A-D7A2B9AB69B6}.Debug|Any CPU.ActiveCfg = Debug|Any CPU
		{4B6FCC30-7C15-19E3-C45A-D7A2B9AB69B6}.Debug|Any CPU.Build.0 = Debug|Any CPU
		{4B6FCC30-7C15-19E3-C45A-D7A2B9AB69B6}.Release|Any CPU.ActiveCfg = Release|Any CPU
		{4B6FCC30-7C15-19E3-C45A-D7A2B9AB69B6}.Release|Any CPU.Build.0 = Release|Any CPU
		{A8D33D47-BA60-F3D0-2F8A-EE9987655D5C}.Debug|Any CPU.ActiveCfg = Debug|Any CPU
		{A8D33D47-BA60-F3D0-2F8A-EE9987655D5C}.Debug|Any CPU.Build.0 = Debug|Any CPU
		{A8D33D47-BA60-F3D0-2F8A-EE9987655D5C}.Release|Any CPU.ActiveCfg = Release|Any CPU
		{A8D33D47-BA60-F3D0-2F8A-EE9987655D5C}.Release|Any CPU.Build.0 = Release|Any CPU
	EndGlobalSection
	GlobalSection(SolutionProperties) = preSolution
		HideSolutionNode = FALSE
	EndGlobalSection
EndGlobal
